
Microsoft Visual Studio Solution File, Format Version 12.00
# Visual Studio Version 16
VisualStudioVersion = 16.0.29102.190
MinimumVisualStudioVersion = 10.0.40219.1
Project("{FAE04EC0-301F-11D3-BF4B-00C04F79EFBC}") = "WebApplication1", "WebApplication1\WebApplication1.csproj", "{D49EA51F-8C18-4609-9D6F-E91FE126E696}"
EndProject
Global
	GlobalSection(SolutionConfigurationPlatforms) = preSolution
		Debug|Any CPU = Debug|Any CPU
		Release|Any CPU = Release|Any CPU
	EndGlobalSection
	GlobalSection(ProjectConfigurationPlatforms) = postSolution
		{D49EA51F-8C18-4609-9D6F-E91FE126E696}.Debug|Any CPU.ActiveCfg = Debug|Any CPU
		{D49EA51F-8C18-4609-9D6F-E91FE126E696}.Debug|Any CPU.Build.0 = Debug|Any CPU
		{D49EA51F-8C18-4609-9D6F-E91FE126E696}.Release|Any CPU.ActiveCfg = Release|Any CPU
		{D49EA51F-8C18-4609-9D6F-E91FE126E696}.Release|Any CPU.Build.0 = Release|Any CPU
	EndGlobalSection
	GlobalSection(SolutionProperties) = preSolution
		HideSolutionNode = FALSE
	EndGlobalSection
	GlobalSection(ExtensibilityGlobals) = postSolution
		SolutionGuid = {4233A159-28F3-4FCB-BB34-01C5C36F06A6}
	EndGlobalSection
EndGlobal
